
Microsoft Visual Studio Solution File, Format Version 12.00
# Visual Studio Version 17
VisualStudioVersion = 17.0.31903.59
MinimumVisualStudioVersion = 10.0.40219.1
Project("{FAE04EC0-301F-11D3-BF4B-00C04F79EFBC}") = "GambitsCrew.Domain", "GambitsCrew.Domain\GambitsCrew.Domain.csproj", "{D64ACAC2-A161-4E18-93AC-1B215C99EFB5}"
EndProject
Project("{FAE04EC0-301F-11D3-BF4B-00C04F79EFBC}") = "GambitsCrew.CLI", "GambitsCrew.CLI\GambitsCrew.CLI.csproj", "{D29541C2-1626-4CD4-A54B-3E36016DDDF6}"
EndProject
Project("{FAE04EC0-301F-11D3-BF4B-00C04F79EFBC}") = "GambitsCrew.IntegrationTests", "GambitsCrew.IntegrationTests\GambitsCrew.IntegrationTests.csproj", "{E0533C9D-6E62-49C4-B883-9EE5DFFBB368}"
EndProject
Project("{FAE04EC0-301F-11D3-BF4B-00C04F79EFBC}") = "GambitsCrew.LocalTesting", "GambitsCrew.LocalTesting\GambitsCrew.LocalTesting.csproj", "{D167CD12-F029-455E-A252-EC7CEC90E94A}"
EndProject
Global
	GlobalSection(SolutionConfigurationPlatforms) = preSolution
		Debug|Any CPU = Debug|Any CPU
		Release|Any CPU = Release|Any CPU
	EndGlobalSection
	GlobalSection(ProjectConfigurationPlatforms) = postSolution
		{D64ACAC2-A161-4E18-93AC-1B215C99EFB5}.Debug|Any CPU.ActiveCfg = Debug|Any CPU
		{D64ACAC2-A161-4E18-93AC-1B215C99EFB5}.Debug|Any CPU.Build.0 = Debug|Any CPU
		{D64ACAC2-A161-4E18-93AC-1B215C99EFB5}.Release|Any CPU.ActiveCfg = Release|Any CPU
		{D64ACAC2-A161-4E18-93AC-1B215C99EFB5}.Release|Any CPU.Build.0 = Release|Any CPU
		{D29541C2-1626-4CD4-A54B-3E36016DDDF6}.Debug|Any CPU.ActiveCfg = Debug|Any CPU
		{D29541C2-1626-4CD4-A54B-3E36016DDDF6}.Debug|Any CPU.Build.0 = Debug|Any CPU
		{D29541C2-1626-4CD4-A54B-3E36016DDDF6}.Release|Any CPU.ActiveCfg = Release|Any CPU
		{D29541C2-1626-4CD4-A54B-3E36016DDDF6}.Release|Any CPU.Build.0 = Release|Any CPU
		{E0533C9D-6E62-49C4-B883-9EE5DFFBB368}.Debug|Any CPU.ActiveCfg = Debug|Any CPU
		{E0533C9D-6E62-49C4-B883-9EE5DFFBB368}.Debug|Any CPU.Build.0 = Debug|Any CPU
		{E0533C9D-6E62-49C4-B883-9EE5DFFBB368}.Release|Any CPU.ActiveCfg = Release|Any CPU
		{E0533C9D-6E62-49C4-B883-9EE5DFFBB368}.Release|Any CPU.Build.0 = Release|Any CPU
		{D167CD12-F029-455E-A252-EC7CEC90E94A}.Debug|Any CPU.ActiveCfg = Debug|Any CPU
		{D167CD12-F029-455E-A252-EC7CEC90E94A}.Debug|Any CPU.Build.0 = Debug|Any CPU
		{D167CD12-F029-455E-A252-EC7CEC90E94A}.Release|Any CPU.ActiveCfg = Release|Any CPU
		{D167CD12-F029-455E-A252-EC7CEC90E94A}.Release|Any CPU.Build.0 = Release|Any CPU
	EndGlobalSection
	GlobalSection(SolutionProperties) = preSolution
		HideSolutionNode = FALSE
	EndGlobalSection
EndGlobal
